
Microsoft Visual Studio Solution File, Format Version 12.00
# Visual Studio Version 17
VisualStudioVersion = 17.9.34607.119
MinimumVisualStudioVersion = 10.0.40219.1
Project("{8BC9CEB8-8B4A-11D0-8D11-00A0C91BC942}") = "Lab1", "Lab1\Lab1.vcxproj", "{79A4B452-AF75-4A32-82CA-B6542F80EE46}"
EndProject
Project("{8BC9CEB8-8B4A-11D0-8D11-00A0C91BC942}") = "Lab2", "Lab2\Lab2.vcxproj", "{38F2042B-E216-4F78-A706-2239F62B7C06}"
EndProject
Project("{8BC9CEB8-8B4A-11D0-8D11-00A0C91BC942}") = "Lab3", "Lab3\Lab3.vcxproj", "{15FF84ED-72DD-4E5A-9D99-62A5CC8C9F80}"
EndProject
Project("{8BC9CEB8-8B4A-11D0-8D11-00A0C91BC942}") = "Lab4", "Lab4\Lab4.vcxproj", "{C7714C87-8C5F-41EF-B93E-21888034EDDC}"
EndProject
Project("{8BC9CEB8-8B4A-11D0-8D11-00A0C91BC942}") = "Lab5", "Lab5\Lab5.vcxproj", "{C5DDFD6E-DEE5-4248-A3D1-DCB592F8B20F}"
EndProject
Project("{8BC9CEB8-8B4A-11D0-8D11-00A0C91BC942}") = "Lab6", "Lab6\Lab6.vcxproj", "{42E6F0AE-FEF1-4D8E-A644-A6A8F4E3E8B9}"
EndProject
Project("{8BC9CEB8-8B4A-11D0-8D11-00A0C91BC942}") = "Lab7", "Lab7\Lab7.vcxproj", "{D0338871-400C-4999-9605-7A5EB789A15B}"
EndProject
Project("{8BC9CEB8-8B4A-11D0-8D11-00A0C91BC942}") = "Lab9", "Lab9\Lab9.vcxproj", "{7E5E16F0-A816-4F82-800D-4B9709BB73EF}"
EndProject
Project("{8BC9CEB8-8B4A-11D0-8D11-00A0C91BC942}") = "Lab7(Fixed)", "Lab7(Fixed)\Lab7(Fixed).vcxproj", "{C404DE61-43B5-4149-A522-84C33236C137}"
EndProject
Global
	GlobalSection(SolutionConfigurationPlatforms) = preSolution
		Debug|x64 = Debug|x64
		Debug|x86 = Debug|x86
		Release|x64 = Release|x64
		Release|x86 = Release|x86
	EndGlobalSection
	GlobalSection(ProjectConfigurationPlatforms) = postSolution
		{79A4B452-AF75-4A32-82CA-B6542F80EE46}.Debug|x64.ActiveCfg = Debug|x64
		{79A4B452-AF75-4A32-82CA-B6542F80EE46}.Debug|x64.Build.0 = Debug|x64
		{79A4B452-AF75-4A32-82CA-B6542F80EE46}.Debug|x86.ActiveCfg = Debug|Win32
		{79A4B452-AF75-4A32-82CA-B6542F80EE46}.Debug|x86.Build.0 = Debug|Win32
		{79A4B452-AF75-4A32-82CA-B6542F80EE46}.Release|x64.ActiveCfg = Release|x64
		{79A4B452-AF75-4A32-82CA-B6542F80EE46}.Release|x64.Build.0 = Release|x64
		{79A4B452-AF75-4A32-82CA-B6542F80EE46}.Release|x86.ActiveCfg = Release|Win32
		{79A4B452-AF75-4A32-82CA-B6542F80EE46}.Release|x86.Build.0 = Release|Win32
		{38F2042B-E216-4F78-A706-2239F62B7C06}.Debug|x64.ActiveCfg = Debug|x64
		{38F2042B-E216-4F78-A706-2239F62B7C06}.Debug|x64.Build.0 = Debug|x64
		{38F2042B-E216-4F78-A706-2239F62B7C06}.Debug|x86.ActiveCfg = Debug|Win32
		{38F2042B-E216-4F78-A706-2239F62B7C06}.Debug|x86.Build.0 = Debug|Win32
		{38F2042B-E216-4F78-A706-2239F62B7C06}.Release|x64.ActiveCfg = Release|x64
		{38F2042B-E216-4F78-A706-2239F62B7C06}.Release|x64.Build.0 = Release|x64
		{38F2042B-E216-4F78-A706-2239F62B7C06}.Release|x86.ActiveCfg = Release|Win32
		{38F2042B-E216-4F78-A706-2239F62B7C06}.Release|x86.Build.0 = Release|Win32
		{15FF84ED-72DD-4E5A-9D99-62A5CC8C9F80}.Debug|x64.ActiveCfg = Debug|x64
		{15FF84ED-72DD-4E5A-9D99-62A5CC8C9F80}.Debug|x64.Build.0 = Debug|x64
		{15FF84ED-72DD-4E5A-9D99-62A5CC8C9F80}.Debug|x86.ActiveCfg = Debug|Win32
		{15FF84ED-72DD-4E5A-9D99-62A5CC8C9F80}.Debug|x86.Build.0 = Debug|Win32
		{15FF84ED-72DD-4E5A-9D99-62A5CC8C9F80}.Release|x64.ActiveCfg = Release|x64
		{15FF84ED-72DD-4E5A-9D99-62A5CC8C9F80}.Release|x64.Build.0 = Release|x64
		{15FF84ED-72DD-4E5A-9D99-62A5CC8C9F80}.Release|x86.ActiveCfg = Release|Win32
		{15FF84ED-72DD-4E5A-9D99-62A5CC8C9F80}.Release|x86.Build.0 = Release|Win32
		{C7714C87-8C5F-41EF-B93E-21888034EDDC}.Debug|x64.ActiveCfg = Debug|x64
		{C7714C87-8C5F-41EF-B93E-21888034EDDC}.Debug|x64.Build.0 = Debug|x64
		{C7714C87-8C5F-41EF-B93E-21888034EDDC}.Debug|x86.ActiveCfg = Debug|Win32
		{C7714C87-8C5F-41EF-B93E-21888034EDDC}.Debug|x86.Build.0 = Debug|Win32
		{C7714C87-8C5F-41EF-B93E-21888034EDDC}.Release|x64.ActiveCfg = Release|x64
		{C7714C87-8C5F-41EF-B93E-21888034EDDC}.Release|x64.Build.0 = Release|x64
		{C7714C87-8C5F-41EF-B93E-21888034EDDC}.Release|x86.ActiveCfg = Release|Win32
		{C7714C87-8C5F-41EF-B93E-21888034EDDC}.Release|x86.Build.0 = Release|Win32
		{C5DDFD6E-DEE5-4248-A3D1-DCB592F8B20F}.Debug|x64.ActiveCfg = Debug|x64
		{C5DDFD6E-DEE5-4248-A3D1-DCB592F8B20F}.Debug|x64.Build.0 = Debug|x64
		{C5DDFD6E-DEE5-4248-A3D1-DCB592F8B20F}.Debug|x86.ActiveCfg = Debug|Win32
		{C5DDFD6E-DEE5-4248-A3D1-DCB592F8B20F}.Debug|x86.Build.0 = Debug|Win32
		{C5DDFD6E-DEE5-4248-A3D1-DCB592F8B20F}.Release|x64.ActiveCfg = Release|x64
		{C5DDFD6E-DEE5-4248-A3D1-DCB592F8B20F}.Release|x64.Build.0 = Release|x64
		{C5DDFD6E-DEE5-4248-A3D1-DCB592F8B20F}.Release|x86.ActiveCfg = Release|Win32
		{C5DDFD6E-DEE5-4248-A3D1-DCB592F8B20F}.Release|x86.Build.0 = Release|Win32
		{42E6F0AE-FEF1-4D8E-A644-A6A8F4E3E8B9}.Debug|x64.ActiveCfg = Debug|x64
		{42E6F0AE-FEF1-4D8E-A644-A6A8F4E3E8B9}.Debug|x64.Build.0 = Debug|x64
		{42E6F0AE-FEF1-4D8E-A644-A6A8F4E3E8B9}.Debug|x86.ActiveCfg = Debug|Win32
		{42E6F0AE-FEF1-4D8E-A644-A6A8F4E3E8B9}.Debug|x86.Build.0 = Debug|Win32
		{42E6F0AE-FEF1-4D8E-A644-A6A8F4E3E8B9}.Release|x64.ActiveCfg = Release|x64
		{42E6F0AE-FEF1-4D8E-A644-A6A8F4E3E8B9}.Release|x64.Build.0 = Release|x64
		{42E6F0AE-FEF1-4D8E-A644-A6A8F4E3E8B9}.Release|x86.ActiveCfg = Release|Win32
		{42E6F0AE-FEF1-4D8E-A644-A6A8F4E3E8B9}.Release|x86.Build.0 = Release|Win32
		{D0338871-400C-4999-9605-7A5EB789A15B}.Debug|x64.ActiveCfg = Debug|x64
		{D0338871-400C-4999-9605-7A5EB789A15B}.Debug|x64.Build.0 = Debug|x64
		{D0338871-400C-4999-9605-7A5EB789A15B}.Debug|x86.ActiveCfg = Debug|Win32
		{D0338871-400C-4999-9605-7A5EB789A15B}.Debug|x86.Build.0 = Debug|Win32
		{D0338871-400C-4999-9605-7A5EB789A15B}.Release|x64.ActiveCfg = Release|x64
		{D0338871-400C-4999-9605-7A5EB789A15B}.Release|x64.Build.0 = Release|x64
		{D0338871-400C-4999-9605-7A5EB789A15B}.Release|x86.ActiveCfg = Release|Win32
		{D0338871-400C-4999-9605-7A5EB789A15B}.Release|x86.Build.0 = Release|Win32
		{7E5E16F0-A816-4F82-800D-4B9709BB73EF}.Debug|x64.ActiveCfg = Debug|x64
		{7E5E16F0-A816-4F82-800D-4B9709BB73EF}.Debug|x64.Build.0 = Debug|x64
		{7E5E16F0-A816-4F82-800D-4B9709BB73EF}.Debug|x86.ActiveCfg = Debug|Win32
		{7E5E16F0-A816-4F82-800D-4B9709BB73EF}.Debug|x86.Build.0 = Debug|Win32
		{7E5E16F0-A816-4F82-800D-4B9709BB73EF}.Release|x64.ActiveCfg = Release|x64
		{7E5E16F0-A816-4F82-800D-4B9709BB73EF}.Release|x64.Build.0 = Release|x64
		{7E5E16F0-A816-4F82-800D-4B9709BB73EF}.Release|x86.ActiveCfg = Release|Win32
		{7E5E16F0-A816-4F82-800D-4B9709BB73EF}.Release|x86.Build.0 = Release|Win32
		{C404DE61-43B5-4149-A522-84C33236C137}.Debug|x64.ActiveCfg = Debug|x64
		{C404DE61-43B5-4149-A522-84C33236C137}.Debug|x64.Build.0 = Debug|x64
		{C404DE61-43B5-4149-A522-84C33236C137}.Debug|x86.ActiveCfg = Debug|Win32
		{C404DE61-43B5-4149-A522-84C33236C137}.Debug|x86.Build.0 = Debug|Win32
		{C404DE61-43B5-4149-A522-84C33236C137}.Release|x64.ActiveCfg = Release|x64
		{C404DE61-43B5-4149-A522-84C33236C137}.Release|x64.Build.0 = Release|x64
		{C404DE61-43B5-4149-A522-84C33236C137}.Release|x86.ActiveCfg = Release|Win32
		{C404DE61-43B5-4149-A522-84C33236C137}.Release|x86.Build.0 = Release|Win32
	EndGlobalSection
	GlobalSection(SolutionProperties) = preSolution
		HideSolutionNode = FALSE
	EndGlobalSection
	GlobalSection(ExtensibilityGlobals) = postSolution
		SolutionGuid = {0CBB1405-9640-4754-9793-8E3A6D017FBE}
	EndGlobalSection
EndGlobal
